// !$*UTF8*$!
{
	archiveVersion = 1;
	classes = {
	};
	objectVersion = 46;
	objects = {

/* Begin PBXBuildFile section */
		E99A80E31D16626C00BED6E4 /* AppDelegate.swift in Sources */ = {isa = PBXBuildFile; fileRef = E99A80E21D16626C00BED6E4 /* AppDelegate.swift */; };
		E99A80E51D16626C00BED6E4 /* ViewController.swift in Sources */ = {isa = PBXBuildFile; fileRef = E99A80E41D16626C00BED6E4 /* ViewController.swift */; };
		E99A80E81D16626C00BED6E4 /* Main.storyboard in Resources */ = {isa = PBXBuildFile; fileRef = E99A80E61D16626C00BED6E4 /* Main.storyboard */; };
		E99A80EA1D16626C00BED6E4 /* Assets.xcassets in Resources */ = {isa = PBXBuildFile; fileRef = E99A80E91D16626C00BED6E4 /* Assets.xcassets */; };
		E99A80ED1D16626C00BED6E4 /* LaunchScreen.storyboard in Resources */ = {isa = PBXBuildFile; fileRef = E99A80EB1D16626C00BED6E4 /* LaunchScreen.storyboard */; };
		E99A80F81D16626C00BED6E4 /* FacebookW5Tests.swift in Sources */ = {isa = PBXBuildFile; fileRef = E99A80F71D16626C00BED6E4 /* FacebookW5Tests.swift */; };
		E99A81031D16626C00BED6E4 /* FacebookW5UITests.swift in Sources */ = {isa = PBXBuildFile; fileRef = E99A81021D16626C00BED6E4 /* FacebookW5UITests.swift */; };
		E99A81111D1662F000BED6E4 /* FeedViewController.swift in Sources */ = {isa = PBXBuildFile; fileRef = E99A81101D1662F000BED6E4 /* FeedViewController.swift */; };
		E99A81131D16633300BED6E4 /* PhotoViewController.swift in Sources */ = {isa = PBXBuildFile; fileRef = E99A81121D16633300BED6E4 /* PhotoViewController.swift */; };
		E99A81161D16722400BED6E4 /* BaseTransition.swift in Sources */ = {isa = PBXBuildFile; fileRef = E99A81141D16722400BED6E4 /* BaseTransition.swift */; };
		E99A81171D16722400BED6E4 /* FadeTransition.swift in Sources */ = {isa = PBXBuildFile; fileRef = E99A81151D16722400BED6E4 /* FadeTransition.swift */; };
/* End PBXBuildFile section */

/* Begin PBXContainerItemProxy section */
		E99A80F41D16626C00BED6E4 /* PBXContainerItemProxy */ = {
			isa = PBXContainerItemProxy;
			containerPortal = E99A80D71D16626C00BED6E4 /* Project object */;
			proxyType = 1;
			remoteGlobalIDString = E99A80DE1D16626C00BED6E4;
			remoteInfo = FacebookW5;
		};
		E99A80FF1D16626C00BED6E4 /* PBXContainerItemProxy */ = {
			isa = PBXContainerItemProxy;
			containerPortal = E99A80D71D16626C00BED6E4 /* Project object */;
			proxyType = 1;
			remoteGlobalIDString = E99A80DE1D16626C00BED6E4;
			remoteInfo = FacebookW5;
		};
/* End PBXContainerItemProxy section */

/* Begin PBXFileReference section */
		E99A80DF1D16626C00BED6E4 /* FacebookW5.app */ = {isa = PBXFileReference; explicitFileType = wrapper.application; includeInIndex = 0; path = FacebookW5.app; sourceTree = BUILT_PRODUCTS_DIR; };
		E99A80E21D16626C00BED6E4 /* AppDelegate.swift */ = {isa = PBXFileReference; lastKnownFileType = sourcecode.swift; path = AppDelegate.swift; sourceTree = "<group>"; };
		E99A80E41D16626C00BED6E4 /* ViewController.swift */ = {isa = PBXFileReference; lastKnownFileType = sourcecode.swift; path = ViewController.swift; sourceTree = "<group>"; };
		E99A80E71D16626C00BED6E4 /* Base */ = {isa = PBXFileReference; lastKnownFileType = file.storyboard; name = Base; path = Base.lproj/Main.storyboard; sourceTree = "<group>"; };
		E99A80E91D16626C00BED6E4 /* Assets.xcassets */ = {isa = PBXFileReference; lastKnownFileType = folder.assetcatalog; path = Assets.xcassets; sourceTree = "<group>"; };
		E99A80EC1D16626C00BED6E4 /* Base */ = {isa = PBXFileReference; lastKnownFileType = file.storyboard; name = Base; path = Base.lproj/LaunchScreen.storyboard; sourceTree = "<group>"; };
		E99A80EE1D16626C00BED6E4 /* Info.plist */ = {isa = PBXFileReference; lastKnownFileType = text.plist.xml; path = Info.plist; sourceTree = "<group>"; };
		E99A80F31D16626C00BED6E4 /* FacebookW5Tests.xctest */ = {isa = PBXFileReference; explicitFileType = wrapper.cfbundle; includeInIndex = 0; path = FacebookW5Tests.xctest; sourceTree = BUILT_PRODUCTS_DIR; };
		E99A80F71D16626C00BED6E4 /* FacebookW5Tests.swift */ = {isa = PBXFileReference; lastKnownFileType = sourcecode.swift; path = FacebookW5Tests.swift; sourceTree = "<group>"; };
		E99A80F91D16626C00BED6E4 /* Info.plist */ = {isa = PBXFileReference; lastKnownFileType = text.plist.xml; path = Info.plist; sourceTree = "<group>"; };
		E99A80FE1D16626C00BED6E4 /* FacebookW5UITests.xctest */ = {isa = PBXFileReference; explicitFileType = wrapper.cfbundle; includeInIndex = 0; path = FacebookW5UITests.xctest; sourceTree = BUILT_PRODUCTS_DIR; };
		E99A81021D16626C00BED6E4 /* FacebookW5UITests.swift */ = {isa = PBXFileReference; lastKnownFileType = sourcecode.swift; path = FacebookW5UITests.swift; sourceTree = "<group>"; };
		E99A81041D16626C00BED6E4 /* Info.plist */ = {isa = PBXFileReference; lastKnownFileType = text.plist.xml; path = Info.plist; sourceTree = "<group>"; };
		E99A81101D1662F000BED6E4 /* FeedViewController.swift */ = {isa = PBXFileReference; fileEncoding = 4; lastKnownFileType = sourcecode.swift; path = FeedViewController.swift; sourceTree = "<group>"; };
		E99A81121D16633300BED6E4 /* PhotoViewController.swift */ = {isa = PBXFileReference; fileEncoding = 4; lastKnownFileType = sourcecode.swift; path = PhotoViewController.swift; sourceTree = "<group>"; };
		E99A81141D16722400BED6E4 /* BaseTransition.swift */ = {isa = PBXFileReference; fileEncoding = 4; lastKnownFileType = sourcecode.swift; path = BaseTransition.swift; sourceTree = "<group>"; };
		E99A81151D16722400BED6E4 /* FadeTransition.swift */ = {isa = PBXFileReference; fileEncoding = 4; lastKnownFileType = sourcecode.swift; path = FadeTransition.swift; sourceTree = "<group>"; };
/* End PBXFileReference section */

/* Begin PBXFrameworksBuildPhase section */
		E99A80DC1D16626C00BED6E4 /* Frameworks */ = {
			isa = PBXFrameworksBuildPhase;
			buildActionMask = 2147483647;
			files = (
			);
			runOnlyForDeploymentPostprocessing = 0;
		};
		E99A80F01D16626C00BED6E4 /* Frameworks */ = {
			isa = PBXFrameworksBuildPhase;
			buildActionMask = 2147483647;
			files = (
			);
			runOnlyForDeploymentPostprocessing = 0;
		};
		E99A80FB1D16626C00BED6E4 /* Frameworks */ = {
			isa = PBXFrameworksBuildPhase;
			buildActionMask = 2147483647;
			files = (
			);
			runOnlyForDeploymentPostprocessing = 0;
		};
/* End PBXFrameworksBuildPhase section */

/* Begin PBXGroup section */
		E99A80D61D16626C00BED6E4 = {
			isa = PBXGroup;
			children = (
				E99A80E11D16626C00BED6E4 /* FacebookW5 */,
				E99A80F61D16626C00BED6E4 /* FacebookW5Tests */,
				E99A81011D16626C00BED6E4 /* FacebookW5UITests */,
				E99A80E01D16626C00BED6E4 /* Products */,
			);
			sourceTree = "<group>";
		};
		E99A80E01D16626C00BED6E4 /* Products */ = {
			isa = PBXGroup;
			children = (
				E99A80DF1D16626C00BED6E4 /* FacebookW5.app */,
				E99A80F31D16626C00BED6E4 /* FacebookW5Tests.xctest */,
				E99A80FE1D16626C00BED6E4 /* FacebookW5UITests.xctest */,
			);
			name = Products;
			sourceTree = "<group>";
		};
		E99A80E11D16626C00BED6E4 /* FacebookW5 */ = {
			isa = PBXGroup;
			children = (
				E99A80E21D16626C00BED6E4 /* AppDelegate.swift */,
				E99A80E41D16626C00BED6E4 /* ViewController.swift */,
				E99A80E61D16626C00BED6E4 /* Main.storyboard */,
				E99A81121D16633300BED6E4 /* PhotoViewController.swift */,
				E99A81101D1662F000BED6E4 /* FeedViewController.swift */,
				E99A81141D16722400BED6E4 /* BaseTransition.swift */,
				E99A81151D16722400BED6E4 /* FadeTransition.swift */,
				E99A80E91D16626C00BED6E4 /* Assets.xcassets */,
				E99A80EB1D16626C00BED6E4 /* LaunchScreen.storyboard */,
				E99A80EE1D16626C00BED6E4 /* Info.plist */,
			);
			path = FacebookW5;
			sourceTree = "<group>";
		};
		E99A80F61D16626C00BED6E4 /* FacebookW5Tests */ = {
			isa = PBXGroup;
			children = (
				E99A80F71D16626C00BED6E4 /* FacebookW5Tests.swift */,
				E99A80F91D16626C00BED6E4 /* Info.plist */,
			);
			path = FacebookW5Tests;
			sourceTree = "<group>";
		};
		E99A81011D16626C00BED6E4 /* FacebookW5UITests */ = {
			isa = PBXGroup;
			children = (
				E99A81021D16626C00BED6E4 /* FacebookW5UITests.swift */,
				E99A81041D16626C00BED6E4 /* Info.plist */,
			);
			path = FacebookW5UITests;
			sourceTree = "<group>";
		};
/* End PBXGroup section */

/* Begin PBXNativeTarget section */
		E99A80DE1D16626C00BED6E4 /* FacebookW5 */ = {
			isa = PBXNativeTarget;
			buildConfigurationList = E99A81071D16626C00BED6E4 /* Build configuration list for PBXNativeTarget "FacebookW5" */;
			buildPhases = (
				E99A80DB1D16626C00BED6E4 /* Sources */,
				E99A80DC1D16626C00BED6E4 /* Frameworks */,
				E99A80DD1D16626C00BED6E4 /* Resources */,
			);
			buildRules = (
			);
			dependencies = (
			);
			name = FacebookW5;
			productName = FacebookW5;
			productReference = E99A80DF1D16626C00BED6E4 /* FacebookW5.app */;
			productType = "com.apple.product-type.application";
		};
		E99A80F21D16626C00BED6E4 /* FacebookW5Tests */ = {
			isa = PBXNativeTarget;
			buildConfigurationList = E99A810A1D16626C00BED6E4 /* Build configuration list for PBXNativeTarget "FacebookW5Tests" */;
			buildPhases = (
				E99A80EF1D16626C00BED6E4 /* Sources */,
				E99A80F01D16626C00BED6E4 /* Frameworks */,
				E99A80F11D16626C00BED6E4 /* Resources */,
			);
			buildRules = (
			);
			dependencies = (
				E99A80F51D16626C00BED6E4 /* PBXTargetDependency */,
			);
			name = FacebookW5Tests;
			productName = FacebookW5Tests;
			productReference = E99A80F31D16626C00BED6E4 /* FacebookW5Tests.xctest */;
			productType = "com.apple.product-type.bundle.unit-test";
		};
		E99A80FD1D16626C00BED6E4 /* FacebookW5UITests */ = {
			isa = PBXNativeTarget;
			buildConfigurationList = E99A810D1D16626C00BED6E4 /* Build configuration list for PBXNativeTarget "FacebookW5UITests" */;
			buildPhases = (
				E99A80FA1D16626C00BED6E4 /* Sources */,
				E99A80FB1D16626C00BED6E4 /* Frameworks */,
				E99A80FC1D16626C00BED6E4 /* Resources */,
			);
			buildRules = (
			);
			dependencies = (
				E99A81001D16626C00BED6E4 /* PBXTargetDependency */,
			);
			name = FacebookW5UITests;
			productName = FacebookW5UITests;
			productReference = E99A80FE1D16626C00BED6E4 /* FacebookW5UITests.xctest */;
			productType = "com.apple.product-type.bundle.ui-testing";
		};
/* End PBXNativeTarget section */

/* Begin PBXProject section */
		E99A80D71D16626C00BED6E4 /* Project object */ = {
			isa = PBXProject;
			attributes = {
				LastSwiftUpdateCheck = 0720;
				LastUpgradeCheck = 0720;
				ORGANIZATIONNAME = "Zhaochang He";
				TargetAttributes = {
					E99A80DE1D16626C00BED6E4 = {
						CreatedOnToolsVersion = 7.2.1;
					};
					E99A80F21D16626C00BED6E4 = {
						CreatedOnToolsVersion = 7.2.1;
						TestTargetID = E99A80DE1D16626C00BED6E4;
					};
					E99A80FD1D16626C00BED6E4 = {
						CreatedOnToolsVersion = 7.2.1;
						TestTargetID = E99A80DE1D16626C00BED6E4;
					};
				};
			};
			buildConfigurationList = E99A80DA1D16626C00BED6E4 /* Build configuration list for PBXProject "FacebookW5" */;
			compatibilityVersion = "Xcode 3.2";
			developmentRegion = English;
			hasScannedForEncodings = 0;
			knownRegions = (
				en,
				Base,
			);
			mainGroup = E99A80D61D16626C00BED6E4;
			productRefGroup = E99A80E01D16626C00BED6E4 /* Products */;
			projectDirPath = "";
			projectRoot = "";
			targets = (
				E99A80DE1D16626C00BED6E4 /* FacebookW5 */,
				E99A80F21D16626C00BED6E4 /* FacebookW5Tests */,
				E99A80FD1D16626C00BED6E4 /* FacebookW5UITests */,
			);
		};
/* End PBXProject section */

/* Begin PBXResourcesBuildPhase section */
		E99A80DD1D16626C00BED6E4 /* Resources */ = {
			isa = PBXResourcesBuildPhase;
			buildActionMask = 2147483647;
			files = (
				E99A80ED1D16626C00BED6E4 /* LaunchScreen.storyboard in Resources */,
				E99A80EA1D16626C00BED6E4 /* Assets.xcassets in Resources */,
				E99A80E81D16626C00BED6E4 /* Main.storyboard in Resources */,
			);
			runOnlyForDeploymentPostprocessing = 0;
		};
		E99A80F11D16626C00BED6E4 /* Resources */ = {
			isa = PBXResourcesBuildPhase;
			buildActionMask = 2147483647;
			files = (
			);
			runOnlyForDeploymentPostprocessing = 0;
		};
		E99A80FC1D16626C00BED6E4 /* Resources */ = {
			isa = PBXResourcesBuildPhase;
			buildActionMask = 2147483647;
			files = (
			);
			runOnlyForDeploymentPostprocessing = 0;
		};
/* End PBXResourcesBuildPhase section */

/* Begin PBXSourcesBuildPhase section */
		E99A80DB1D16626C00BED6E4 /* Sources */ = {
			isa = PBXSourcesBuildPhase;
			buildActionMask = 2147483647;
			files = (
				E99A80E51D16626C00BED6E4 /* ViewController.swift in Sources */,
				E99A81161D16722400BED6E4 /* BaseTransition.swift in Sources */,
				E99A81131D16633300BED6E4 /* PhotoViewController.swift in Sources */,
				E99A81111D1662F000BED6E4 /* FeedViewController.swift in Sources */,
				E99A81171D16722400BED6E4 /* FadeTransition.swift in Sources */,
				E99A80E31D16626C00BED6E4 /* AppDelegate.swift in Sources */,
			);
			runOnlyForDeploymentPostprocessing = 0;
		};
		E99A80EF1D16626C00BED6E4 /* Sources */ = {
			isa = PBXSourcesBuildPhase;
			buildActionMask = 2147483647;
			files = (
				E99A80F81D16626C00BED6E4 /* FacebookW5Tests.swift in Sources */,
			);
			runOnlyForDeploymentPostprocessing = 0;
		};
		E99A80FA1D16626C00BED6E4 /* Sources */ = {
			isa = PBXSourcesBuildPhase;
			buildActionMask = 2147483647;
			files = (
				E99A81031D16626C00BED6E4 /* FacebookW5UITests.swift in Sources */,
			);
			runOnlyForDeploymentPostprocessing = 0;
		};
/* End PBXSourcesBuildPhase section */

/* Begin PBXTargetDependency section */
		E99A80F51D16626C00BED6E4 /* PBXTargetDependency */ = {
			isa = PBXTargetDependency;
			target = E99A80DE1D16626C00BED6E4 /* FacebookW5 */;
			targetProxy = E99A80F41D16626C00BED6E4 /* PBXContainerItemProxy */;
		};
		E99A81001D16626C00BED6E4 /* PBXTargetDependency */ = {
			isa = PBXTargetDependency;
			target = E99A80DE1D16626C00BED6E4 /* FacebookW5 */;
			targetProxy = E99A80FF1D16626C00BED6E4 /* PBXContainerItemProxy */;
		};
/* End PBXTargetDependency section */

/* Begin PBXVariantGroup section */
		E99A80E61D16626C00BED6E4 /* Main.storyboard */ = {
			isa = PBXVariantGroup;
			children = (
				E99A80E71D16626C00BED6E4 /* Base */,
			);
			name = Main.storyboard;
			sourceTree = "<group>";
		};
		E99A80EB1D16626C00BED6E4 /* LaunchScreen.storyboard */ = {
			isa = PBXVariantGroup;
			children = (
				E99A80EC1D16626C00BED6E4 /* Base */,
			);
			name = LaunchScreen.storyboard;
			sourceTree = "<group>";
		};
/* End PBXVariantGroup section */

/* Begin XCBuildConfiguration section */
		E99A81051D16626C00BED6E4 /* Debug */ = {
			isa = XCBuildConfiguration;
			buildSettings = {
				ALWAYS_SEARCH_USER_PATHS = NO;
				CLANG_CXX_LANGUAGE_STANDARD = "gnu++0x";
				CLANG_CXX_LIBRARY = "libc++";
				CLANG_ENABLE_MODULES = YES;
				CLANG_ENABLE_OBJC_ARC = YES;
				CLANG_WARN_BOOL_CONVERSION = YES;
				CLANG_WARN_CONSTANT_CONVERSION = YES;
				CLANG_WARN_DIRECT_OBJC_ISA_USAGE = YES_ERROR;
				CLANG_WARN_EMPTY_BODY = YES;
				CLANG_WARN_ENUM_CONVERSION = YES;
				CLANG_WARN_INT_CONVERSION = YES;
				CLANG_WARN_OBJC_ROOT_CLASS = YES_ERROR;
				CLANG_WARN_UNREACHABLE_CODE = YES;
				CLANG_WARN__DUPLICATE_METHOD_MATCH = YES;
				"CODE_SIGN_IDENTITY[sdk=iphoneos*]" = "iPhone Developer";
				COPY_PHASE_STRIP = NO;
				DEBUG_INFORMATION_FORMAT = dwarf;
				ENABLE_STRICT_OBJC_MSGSEND = YES;
				ENABLE_TESTABILITY = YES;
				GCC_C_LANGUAGE_STANDARD = gnu99;
				GCC_DYNAMIC_NO_PIC = NO;
				GCC_NO_COMMON_BLOCKS = YES;
				GCC_OPTIMIZATION_LEVEL = 0;
				GCC_PREPROCESSOR_DEFINITIONS = (
					"DEBUG=1",
					"$(inherited)",
				);
				GCC_WARN_64_TO_32_BIT_CONVERSION = YES;
				GCC_WARN_ABOUT_RETURN_TYPE = YES_ERROR;
				GCC_WARN_UNDECLARED_SELECTOR = YES;
				GCC_WARN_UNINITIALIZED_AUTOS = YES_AGGRESSIVE;
				GCC_WARN_UNUSED_FUNCTION = YES;
				GCC_WARN_UNUSED_VARIABLE = YES;
				IPHONEOS_DEPLOYMENT_TARGET = 9.2;
				MTL_ENABLE_DEBUG_INFO = YES;
				ONLY_ACTIVE_ARCH = YES;
				SDKROOT = iphoneos;
				SWIFT_OPTIMIZATION_LEVEL = "-Onone";
			};
			name = Debug;
		};
		E99A81061D16626C00BED6E4 /* Release */ = {
			isa = XCBuildConfiguration;
			buildSettings = {
				ALWAYS_SEARCH_USER_PATHS = NO;
				CLANG_CXX_LANGUAGE_STANDARD = "gnu++0x";
				CLANG_CXX_LIBRARY = "libc++";
				CLANG_ENABLE_MODULES = YES;
				CLANG_ENABLE_OBJC_ARC = YES;
				CLANG_WARN_BOOL_CONVERSION = YES;
				CLANG_WARN_CONSTANT_CONVERSION = YES;
				CLANG_WARN_DIRECT_OBJC_ISA_USAGE = YES_ERROR;
				CLANG_WARN_EMPTY_BODY = YES;
				CLANG_WARN_ENUM_CONVERSION = YES;
				CLANG_WARN_INT_CONVERSION = YES;
				CLANG_WARN_OBJC_ROOT_CLASS = YES_ERROR;
				CLANG_WARN_UNREACHABLE_CODE = YES;
				CLANG_WARN__DUPLICATE_METHOD_MATCH = YES;
				"CODE_SIGN_IDENTITY[sdk=iphoneos*]" = "iPhone Developer";
				COPY_PHASE_STRIP = NO;
				DEBUG_INFORMATION_FORMAT = "dwarf-with-dsym";
				ENABLE_NS_ASSERTIONS = NO;
				ENABLE_STRICT_OBJC_MSGSEND = YES;
				GCC_C_LANGUAGE_STANDARD = gnu99;
				GCC_NO_COMMON_BLOCKS = YES;
				GCC_WARN_64_TO_32_BIT_CONVERSION = YES;
				GCC_WARN_ABOUT_RETURN_TYPE = YES_ERROR;
				GCC_WARN_UNDECLARED_SELECTOR = YES;
				GCC_WARN_UNINITIALIZED_AUTOS = YES_AGGRESSIVE;
				GCC_WARN_UNUSED_FUNCTION = YES;
				GCC_WARN_UNUSED_VARIABLE = YES;
				IPHONEOS_DEPLOYMENT_TARGET = 9.2;
				MTL_ENABLE_DEBUG_INFO = NO;
				SDKROOT = iphoneos;
				VALIDATE_PRODUCT = YES;
			};
			name = Release;
		};
		E99A81081D16626C00BED6E4 /* Debug */ = {
			isa = XCBuildConfiguration;
			buildSettings = {
				ASSETCATALOG_COMPILER_APPICON_NAME = AppIcon;
				INFOPLIST_FILE = FacebookW5/Info.plist;
				LD_RUNPATH_SEARCH_PATHS = "$(inherited) @executable_path/Frameworks";
				PRODUCT_BUNDLE_IDENTIFIER = com.codepath.FacebookW5;
				PRODUCT_NAME = "$(TARGET_NAME)";
			};
			name = Debug;
		};
		E99A81091D16626C00BED6E4 /* Release */ = {
			isa = XCBuildConfiguration;
			buildSettings = {
				ASSETCATALOG_COMPILER_APPICON_NAME = AppIcon;
				INFOPLIST_FILE = FacebookW5/Info.plist;
				LD_RUNPATH_SEARCH_PATHS = "$(inherited) @executable_path/Frameworks";
				PRODUCT_BUNDLE_IDENTIFIER = com.codepath.FacebookW5;
				PRODUCT_NAME = "$(TARGET_NAME)";
			};
			name = Release;
		};
		E99A810B1D16626C00BED6E4 /* Debug */ = {
			isa = XCBuildConfiguration;
			buildSettings = {
				BUNDLE_LOADER = "$(TEST_HOST)";
				INFOPLIST_FILE = FacebookW5Tests/Info.plist;
				LD_RUNPATH_SEARCH_PATHS = "$(inherited) @executable_path/Frameworks @loader_path/Frameworks";
				PRODUCT_BUNDLE_IDENTIFIER = com.codepath.FacebookW5Tests;
				PRODUCT_NAME = "$(TARGET_NAME)";
				TEST_HOST = "$(BUILT_PRODUCTS_DIR)/FacebookW5.app/FacebookW5";
			};
			name = Debug;
		};
		E99A810C1D16626C00BED6E4 /* Release */ = {
			isa = XCBuildConfiguration;
			buildSettings = {
				BUNDLE_LOADER = "$(TEST_HOST)";
				INFOPLIST_FILE = FacebookW5Tests/Info.plist;
				LD_RUNPATH_SEARCH_PATHS = "$(inherited) @executable_path/Frameworks @loader_path/Frameworks";
				PRODUCT_BUNDLE_IDENTIFIER = com.codepath.FacebookW5Tests;
				PRODUCT_NAME = "$(TARGET_NAME)";
				TEST_HOST = "$(BUILT_PRODUCTS_DIR)/FacebookW5.app/FacebookW5";
			};
			name = Release;
		};
		E99A810E1D16626C00BED6E4 /* Debug */ = {
			isa = XCBuildConfiguration;
			buildSettings = {
				INFOPLIST_FILE = FacebookW5UITests/Info.plist;
				LD_RUNPATH_SEARCH_PATHS = "$(inherited) @executable_path/Frameworks @loader_path/Frameworks";
				PRODUCT_BUNDLE_IDENTIFIER = com.codepath.FacebookW5UITests;
				PRODUCT_NAME = "$(TARGET_NAME)";
				TEST_TARGET_NAME = FacebookW5;
				USES_XCTRUNNER = YES;
			};
			name = Debug;
		};
		E99A810F1D16626C00BED6E4 /* Release */ = {
			isa = XCBuildConfiguration;
			buildSettings = {
				INFOPLIST_FILE = FacebookW5UITests/Info.plist;
				LD_RUNPATH_SEARCH_PATHS = "$(inherited) @executable_path/Frameworks @loader_path/Frameworks";
				PRODUCT_BUNDLE_IDENTIFIER = com.codepath.FacebookW5UITests;
				PRODUCT_NAME = "$(TARGET_NAME)";
				TEST_TARGET_NAME = FacebookW5;
				USES_XCTRUNNER = YES;
			};
			name = Release;
		};
/* End XCBuildConfiguration section */

/* Begin XCConfigurationList section */
		E99A80DA1D16626C00BED6E4 /* Build configuration list for PBXProject "FacebookW5" */ = {
			isa = XCConfigurationList;
			buildConfigurations = (
				E99A81051D16626C00BED6E4 /* Debug */,
				E99A81061D16626C00BED6E4 /* Release */,
			);
			defaultConfigurationIsVisible = 0;
			defaultConfigurationName = Release;
		};
		E99A81071D16626C00BED6E4 /* Build configuration list for PBXNativeTarget "FacebookW5" */ = {
			isa = XCConfigurationList;
			buildConfigurations = (
				E99A81081D16626C00BED6E4 /* Debug */,
				E99A81091D16626C00BED6E4 /* Release */,
			);
			defaultConfigurationIsVisible = 0;
		};
		E99A810A1D16626C00BED6E4 /* Build configuration list for PBXNativeTarget "FacebookW5Tests" */ = {
			isa = XCConfigurationList;
			buildConfigurations = (
				E99A810B1D16626C00BED6E4 /* Debug */,
				E99A810C1D16626C00BED6E4 /* Release */,
			);
			defaultConfigurationIsVisible = 0;
		};
		E99A810D1D16626C00BED6E4 /* Build configuration list for PBXNativeTarget "FacebookW5UITests" */ = {
			isa = XCConfigurationList;
			buildConfigurations = (
				E99A810E1D16626C00BED6E4 /* Debug */,
				E99A810F1D16626C00BED6E4 /* Release */,
			);
			defaultConfigurationIsVisible = 0;
		};
/* End XCConfigurationList section */
	};
	rootObject = E99A80D71D16626C00BED6E4 /* Project object */;
}
